
Microsoft Visual Studio Solution File, Format Version 12.00
# Visual Studio Version 16
VisualStudioVersion = 16.0.31727.386
MinimumVisualStudioVersion = 10.0.40219.1
Project("{FAE04EC0-301F-11D3-BF4B-00C04F79EFBC}") = "Lab02_22DH112315", "Lab02_22DH112315\Lab02_22DH112315.csproj", "{5DB0AA1B-81ED-4AB1-814C-7B84FF7DCAC0}"
EndProject
Global
	GlobalSection(SolutionConfigurationPlatforms) = preSolution
		Debug|Any CPU = Debug|Any CPU
		Release|Any CPU = Release|Any CPU
	EndGlobalSection
	GlobalSection(ProjectConfigurationPlatforms) = postSolution
		{5DB0AA1B-81ED-4AB1-814C-7B84FF7DCAC0}.Debug|Any CPU.ActiveCfg = Debug|Any CPU
		{5DB0AA1B-81ED-4AB1-814C-7B84FF7DCAC0}.Debug|Any CPU.Build.0 = Debug|Any CPU
		{5DB0AA1B-81ED-4AB1-814C-7B84FF7DCAC0}.Release|Any CPU.ActiveCfg = Release|Any CPU
		{5DB0AA1B-81ED-4AB1-814C-7B84FF7DCAC0}.Release|Any CPU.Build.0 = Release|Any CPU
	EndGlobalSection
	GlobalSection(SolutionProperties) = preSolution
		HideSolutionNode = FALSE
	EndGlobalSection
	GlobalSection(ExtensibilityGlobals) = postSolution
		SolutionGuid = {7845D08C-2A20-461F-A54A-6B3F2DA07424}
	EndGlobalSection
EndGlobal
