
Microsoft Visual Studio Solution File, Format Version 12.00
# Visual Studio Version 16
VisualStudioVersion = 16.0.31727.386
MinimumVisualStudioVersion = 10.0.40219.1
Project("{FAE04EC0-301F-11D3-BF4B-00C04F79EFBC}") = "KiemTra02_22DH112315", "KiemTra02_22DH112315\KiemTra02_22DH112315.csproj", "{9CF05D4E-FBCB-4F6B-A6CF-38A6C59F97C3}"
EndProject
Global
	GlobalSection(SolutionConfigurationPlatforms) = preSolution
		Debug|Any CPU = Debug|Any CPU
		Release|Any CPU = Release|Any CPU
	EndGlobalSection
	GlobalSection(ProjectConfigurationPlatforms) = postSolution
		{9CF05D4E-FBCB-4F6B-A6CF-38A6C59F97C3}.Debug|Any CPU.ActiveCfg = Debug|Any CPU
		{9CF05D4E-FBCB-4F6B-A6CF-38A6C59F97C3}.Debug|Any CPU.Build.0 = Debug|Any CPU
		{9CF05D4E-FBCB-4F6B-A6CF-38A6C59F97C3}.Release|Any CPU.ActiveCfg = Release|Any CPU
		{9CF05D4E-FBCB-4F6B-A6CF-38A6C59F97C3}.Release|Any CPU.Build.0 = Release|Any CPU
	EndGlobalSection
	GlobalSection(SolutionProperties) = preSolution
		HideSolutionNode = FALSE
	EndGlobalSection
	GlobalSection(ExtensibilityGlobals) = postSolution
		SolutionGuid = {AE289797-8503-4968-83F0-FC7DEB8DE146}
	EndGlobalSection
EndGlobal
